
Microsoft Visual Studio Solution File, Format Version 12.00
# Visual Studio Version 17
VisualStudioVersion = 17.3.32819.101
MinimumVisualStudioVersion = 10.0.40219.1
Project("{FAE04EC0-301F-11D3-BF4B-00C04F79EFBC}") = "RE_Tool", "RE_Tool\RE_Tool.csproj", "{A09B1FAE-8F20-4FC8-8072-B4243D182AB6}"
EndProject
Project("{FAE04EC0-301F-11D3-BF4B-00C04F79EFBC}") = "dao", "dao\dao.csproj", "{ED8C17BD-5475-4A8A-95E9-8155943CCC8F}"
EndProject
Global
	GlobalSection(SolutionConfigurationPlatforms) = preSolution
		Debug|Any CPU = Debug|Any CPU
		Release|Any CPU = Release|Any CPU
	EndGlobalSection
	GlobalSection(ProjectConfigurationPlatforms) = postSolution
		{A09B1FAE-8F20-4FC8-8072-B4243D182AB6}.Debug|Any CPU.ActiveCfg = Debug|Any CPU
		{A09B1FAE-8F20-4FC8-8072-B4243D182AB6}.Debug|Any CPU.Build.0 = Debug|Any CPU
		{A09B1FAE-8F20-4FC8-8072-B4243D182AB6}.Release|Any CPU.ActiveCfg = Release|Any CPU
		{A09B1FAE-8F20-4FC8-8072-B4243D182AB6}.Release|Any CPU.Build.0 = Release|Any CPU
		{ED8C17BD-5475-4A8A-95E9-8155943CCC8F}.Debug|Any CPU.ActiveCfg = Debug|Any CPU
		{ED8C17BD-5475-4A8A-95E9-8155943CCC8F}.Debug|Any CPU.Build.0 = Debug|Any CPU
		{ED8C17BD-5475-4A8A-95E9-8155943CCC8F}.Release|Any CPU.ActiveCfg = Release|Any CPU
		{ED8C17BD-5475-4A8A-95E9-8155943CCC8F}.Release|Any CPU.Build.0 = Release|Any CPU
	EndGlobalSection
	GlobalSection(SolutionProperties) = preSolution
		HideSolutionNode = FALSE
	EndGlobalSection
	GlobalSection(ExtensibilityGlobals) = postSolution
		SolutionGuid = {C98E1C4A-3780-4CFD-A1DB-D00F95ED2D9D}
	EndGlobalSection
EndGlobal
